
Microsoft Visual Studio Solution File, Format Version 12.00
# Visual Studio Version 17
VisualStudioVersion = 17.5.33414.496
MinimumVisualStudioVersion = 10.0.40219.1
Project("{FAE04EC0-301F-11D3-BF4B-00C04F79EFBC}") = "PEt", "PEt\PEt.csproj", "{E6CA0B6E-8A84-488D-964E-F0C5B74C06C9}"
EndProject
Global
	GlobalSection(SolutionConfigurationPlatforms) = preSolution
		Debug|Any CPU = Debug|Any CPU
		Release|Any CPU = Release|Any CPU
	EndGlobalSection
	GlobalSection(ProjectConfigurationPlatforms) = postSolution
		{E6CA0B6E-8A84-488D-964E-F0C5B74C06C9}.Debug|Any CPU.ActiveCfg = Debug|Any CPU
		{E6CA0B6E-8A84-488D-964E-F0C5B74C06C9}.Debug|Any CPU.Build.0 = Debug|Any CPU
		{E6CA0B6E-8A84-488D-964E-F0C5B74C06C9}.Release|Any CPU.ActiveCfg = Release|Any CPU
		{E6CA0B6E-8A84-488D-964E-F0C5B74C06C9}.Release|Any CPU.Build.0 = Release|Any CPU
	EndGlobalSection
	GlobalSection(SolutionProperties) = preSolution
		HideSolutionNode = FALSE
	EndGlobalSection
	GlobalSection(ExtensibilityGlobals) = postSolution
		SolutionGuid = {E8FAAD23-74E8-4E1F-AB97-59B61EBDF59A}
	EndGlobalSection
EndGlobal
